
Microsoft Visual Studio Solution File, Format Version 12.00
# Visual Studio Version 17
VisualStudioVersion = 17.14.36310.24
MinimumVisualStudioVersion = 10.0.40219.1
Project("{FAE04EC0-301F-11D3-BF4B-00C04F79EFBC}") = "TestPaymentGateway", "TestPaymentGateway\TestPaymentGateway.csproj", "{B3BF49E6-CB82-4EA3-94A5-7314BF18BB15}"
EndProject
Global
	GlobalSection(SolutionConfigurationPlatforms) = preSolution
		Debug|Any CPU = Debug|Any CPU
		Release|Any CPU = Release|Any CPU
	EndGlobalSection
	GlobalSection(ProjectConfigurationPlatforms) = postSolution
		{B3BF49E6-CB82-4EA3-94A5-7314BF18BB15}.Debug|Any CPU.ActiveCfg = Debug|Any CPU
		{B3BF49E6-CB82-4EA3-94A5-7314BF18BB15}.Debug|Any CPU.Build.0 = Debug|Any CPU
		{B3BF49E6-CB82-4EA3-94A5-7314BF18BB15}.Release|Any CPU.ActiveCfg = Release|Any CPU
		{B3BF49E6-CB82-4EA3-94A5-7314BF18BB15}.Release|Any CPU.Build.0 = Release|Any CPU
	EndGlobalSection
	GlobalSection(SolutionProperties) = preSolution
		HideSolutionNode = FALSE
	EndGlobalSection
	GlobalSection(ExtensibilityGlobals) = postSolution
		SolutionGuid = {3F9ADA69-C045-4FF9-9D9D-868319E31378}
	EndGlobalSection
EndGlobal
